
Microsoft Visual Studio Solution File, Format Version 12.00
# Visual Studio Version 17
VisualStudioVersion = 17.3.32929.385
MinimumVisualStudioVersion = 10.0.40219.1
Project("{FAE04EC0-301F-11D3-BF4B-00C04F79EFBC}") = "Csh2", "Csh2\Csh2.csproj", "{05F6011D-4A27-4DE6-AA0E-5B1BC05C7906}"
EndProject
Global
	GlobalSection(SolutionConfigurationPlatforms) = preSolution
		Debug|Any CPU = Debug|Any CPU
		Release|Any CPU = Release|Any CPU
	EndGlobalSection
	GlobalSection(ProjectConfigurationPlatforms) = postSolution
		{05F6011D-4A27-4DE6-AA0E-5B1BC05C7906}.Debug|Any CPU.ActiveCfg = Debug|Any CPU
		{05F6011D-4A27-4DE6-AA0E-5B1BC05C7906}.Debug|Any CPU.Build.0 = Debug|Any CPU
		{05F6011D-4A27-4DE6-AA0E-5B1BC05C7906}.Release|Any CPU.ActiveCfg = Release|Any CPU
		{05F6011D-4A27-4DE6-AA0E-5B1BC05C7906}.Release|Any CPU.Build.0 = Release|Any CPU
	EndGlobalSection
	GlobalSection(SolutionProperties) = preSolution
		HideSolutionNode = FALSE
	EndGlobalSection
	GlobalSection(ExtensibilityGlobals) = postSolution
		SolutionGuid = {0FF29F5B-9AB9-4499-839F-0C39CE0FA060}
	EndGlobalSection
EndGlobal
